
Microsoft Visual Studio Solution File, Format Version 12.00
# Visual Studio Version 17
VisualStudioVersion = 17.5.002.0
MinimumVisualStudioVersion = 10.0.40219.1
Project("{9A19103F-16F7-4668-BE54-9A1E7A4F7556}") = "AddToPathApp", "AddToPathApp.csproj", "{262061EA-3570-48BC-A5B0-97D96800C81C}"
EndProject
Global
	GlobalSection(SolutionConfigurationPlatforms) = preSolution
		Debug|Any CPU = Debug|Any CPU
		Release|Any CPU = Release|Any CPU
	EndGlobalSection
	GlobalSection(ProjectConfigurationPlatforms) = postSolution
		{262061EA-3570-48BC-A5B0-97D96800C81C}.Debug|Any CPU.ActiveCfg = Debug|Any CPU
		{262061EA-3570-48BC-A5B0-97D96800C81C}.Debug|Any CPU.Build.0 = Debug|Any CPU
		{262061EA-3570-48BC-A5B0-97D96800C81C}.Release|Any CPU.ActiveCfg = Release|Any CPU
		{262061EA-3570-48BC-A5B0-97D96800C81C}.Release|Any CPU.Build.0 = Release|Any CPU
	EndGlobalSection
	GlobalSection(SolutionProperties) = preSolution
		HideSolutionNode = FALSE
	EndGlobalSection
	GlobalSection(ExtensibilityGlobals) = postSolution
		SolutionGuid = {A437E3FF-C53B-477F-B198-CB8E61BFC3AD}
	EndGlobalSection
EndGlobal
